// !$*UTF8*$!
{
	archiveVersion = 1;
	classes = {
	};
	objectVersion = 46;
	objects = {

/* Begin PBXBuildFile section */
		005429471B1E4D1600EA737C /* AppDelegate.swift in Sources */ = {isa = PBXBuildFile; fileRef = 005429461B1E4D1600EA737C /* AppDelegate.swift */; };
		005429491B1E4D1600EA737C /* ViewController.swift in Sources */ = {isa = PBXBuildFile; fileRef = 005429481B1E4D1600EA737C /* ViewController.swift */; };
		0054294C1B1E4D1600EA737C /* Main.storyboard in Resources */ = {isa = PBXBuildFile; fileRef = 0054294A1B1E4D1600EA737C /* Main.storyboard */; };
		0054294E1B1E4D1600EA737C /* Images.xcassets in Resources */ = {isa = PBXBuildFile; fileRef = 0054294D1B1E4D1600EA737C /* Images.xcassets */; };
		005429511B1E4D1600EA737C /* LaunchScreen.xib in Resources */ = {isa = PBXBuildFile; fileRef = 0054294F1B1E4D1600EA737C /* LaunchScreen.xib */; };
		0054295D1B1E4D1600EA737C /* CourseBuddyTests.swift in Sources */ = {isa = PBXBuildFile; fileRef = 0054295C1B1E4D1600EA737C /* CourseBuddyTests.swift */; };
		0054296F1B1E784300EA737C /* ScheduleViewController.swift in Sources */ = {isa = PBXBuildFile; fileRef = 0054296E1B1E784300EA737C /* ScheduleViewController.swift */; };
		005C58B11B1F4D5900EC06CD /* Accounts.framework in Frameworks */ = {isa = PBXBuildFile; fileRef = 005C58A41B1F4D5900EC06CD /* Accounts.framework */; };
		005C58B21B1F4D5900EC06CD /* AudioToolbox.framework in Frameworks */ = {isa = PBXBuildFile; fileRef = 005C58A51B1F4D5900EC06CD /* AudioToolbox.framework */; };
		005C58B31B1F4D5900EC06CD /* CFNetwork.framework in Frameworks */ = {isa = PBXBuildFile; fileRef = 005C58A61B1F4D5900EC06CD /* CFNetwork.framework */; };
		005C58B41B1F4D5900EC06CD /* CoreGraphics.framework in Frameworks */ = {isa = PBXBuildFile; fileRef = 005C58A71B1F4D5900EC06CD /* CoreGraphics.framework */; };
		005C58B51B1F4D5900EC06CD /* CoreLocation.framework in Frameworks */ = {isa = PBXBuildFile; fileRef = 005C58A81B1F4D5900EC06CD /* CoreLocation.framework */; };
		005C58B61B1F4D5900EC06CD /* libsqlite3.dylib in Frameworks */ = {isa = PBXBuildFile; fileRef = 005C58A91B1F4D5900EC06CD /* libsqlite3.dylib */; };
		005C58B71B1F4D5900EC06CD /* libz.dylib in Frameworks */ = {isa = PBXBuildFile; fileRef = 005C58AA1B1F4D5900EC06CD /* libz.dylib */; };
		005C58B81B1F4D5900EC06CD /* MobileCoreServices.framework in Frameworks */ = {isa = PBXBuildFile; fileRef = 005C58AB1B1F4D5900EC06CD /* MobileCoreServices.framework */; };
		005C58B91B1F4D5900EC06CD /* QuartzCore.framework in Frameworks */ = {isa = PBXBuildFile; fileRef = 005C58AC1B1F4D5900EC06CD /* QuartzCore.framework */; };
		005C58BA1B1F4D5900EC06CD /* Security.framework in Frameworks */ = {isa = PBXBuildFile; fileRef = 005C58AD1B1F4D5900EC06CD /* Security.framework */; };
		005C58BB1B1F4D5900EC06CD /* Social.framework in Frameworks */ = {isa = PBXBuildFile; fileRef = 005C58AE1B1F4D5900EC06CD /* Social.framework */; };
		005C58BC1B1F4D5900EC06CD /* StoreKit.framework in Frameworks */ = {isa = PBXBuildFile; fileRef = 005C58AF1B1F4D5900EC06CD /* StoreKit.framework */; };
		005C58BD1B1F4D5900EC06CD /* SystemConfiguration.framework in Frameworks */ = {isa = PBXBuildFile; fileRef = 005C58B01B1F4D5900EC06CD /* SystemConfiguration.framework */; };
		005C58C41B1F4D9F00EC06CD /* Bolts.framework in Frameworks */ = {isa = PBXBuildFile; fileRef = 005C58BE1B1F4D9F00EC06CD /* Bolts.framework */; };
		005C58C51B1F4D9F00EC06CD /* Parse.framework in Frameworks */ = {isa = PBXBuildFile; fileRef = 005C58BF1B1F4D9F00EC06CD /* Parse.framework */; };
		005C58C61B1F4D9F00EC06CD /* ParseCrashReporting.framework in Frameworks */ = {isa = PBXBuildFile; fileRef = 005C58C01B1F4D9F00EC06CD /* ParseCrashReporting.framework */; };
		005C58C81B1F4D9F00EC06CD /* ParseFacebookUtilsV4.framework in Frameworks */ = {isa = PBXBuildFile; fileRef = 005C58C21B1F4D9F00EC06CD /* ParseFacebookUtilsV4.framework */; };
		005C58C91B1F4D9F00EC06CD /* ParseUI.framework in Frameworks */ = {isa = PBXBuildFile; fileRef = 005C58C31B1F4D9F00EC06CD /* ParseUI.framework */; };
		005C58CC1B1F4EA800EC06CD /* temp.m in Sources */ = {isa = PBXBuildFile; fileRef = 005C58CB1B1F4EA800EC06CD /* temp.m */; };
		005C58CE1B1F527200EC06CD /* FBSDKCoreKit.framework in Frameworks */ = {isa = PBXBuildFile; fileRef = 005C58CD1B1F527200EC06CD /* FBSDKCoreKit.framework */; };
		005C58D11B1F54AB00EC06CD /* FBSDKLoginKit.framework in Frameworks */ = {isa = PBXBuildFile; fileRef = 005C58CF1B1F54AB00EC06CD /* FBSDKLoginKit.framework */; };
		005C58D21B1F54AB00EC06CD /* FBSDKShareKit.framework in Frameworks */ = {isa = PBXBuildFile; fileRef = 005C58D01B1F54AB00EC06CD /* FBSDKShareKit.framework */; };
		005C58D61B1F830800EC06CD /* DropboxSDK.framework in Frameworks */ = {isa = PBXBuildFile; fileRef = 005C58D51B1F830800EC06CD /* DropboxSDK.framework */; };
		005C58D81B1F8F0700EC06CD /* Helper.swift in Sources */ = {isa = PBXBuildFile; fileRef = 005C58D71B1F8F0700EC06CD /* Helper.swift */; };
		005C58DB1B1F921F00EC06CD /* FileViewController.swift in Sources */ = {isa = PBXBuildFile; fileRef = 005C58DA1B1F921F00EC06CD /* FileViewController.swift */; };
		005C58DD1B1FC58900EC06CD /* WebViewController.swift in Sources */ = {isa = PBXBuildFile; fileRef = 005C58DC1B1FC58900EC06CD /* WebViewController.swift */; };
		00C8A4451B1E7C6B00D6F273 /* ProfileViewController.swift in Sources */ = {isa = PBXBuildFile; fileRef = 00C8A4441B1E7C6B00D6F273 /* ProfileViewController.swift */; };
		00C8A4481B1E9E8800D6F273 /* DocumentsViewController.swift in Sources */ = {isa = PBXBuildFile; fileRef = 00C8A4471B1E9E8800D6F273 /* DocumentsViewController.swift */; };
		00C8A44A1B1E9EAA00D6F273 /* ResourcesViewController.swift in Sources */ = {isa = PBXBuildFile; fileRef = 00C8A4491B1E9EAA00D6F273 /* ResourcesViewController.swift */; };
		00C8A44C1B1E9EC800D6F273 /* NotesViewController.swift in Sources */ = {isa = PBXBuildFile; fileRef = 00C8A44B1B1E9EC800D6F273 /* NotesViewController.swift */; };
		00C8A44E1B1E9EFC00D6F273 /* ImagesViewController.swift in Sources */ = {isa = PBXBuildFile; fileRef = 00C8A44D1B1E9EFC00D6F273 /* ImagesViewController.swift */; };
		00C8A4501B1E9F1E00D6F273 /* RosterViewController.swift in Sources */ = {isa = PBXBuildFile; fileRef = 00C8A44F1B1E9F1E00D6F273 /* RosterViewController.swift */; };
		00C8A4521B1E9F3500D6F273 /* NotificationsViewController.swift in Sources */ = {isa = PBXBuildFile; fileRef = 00C8A4511B1E9F3500D6F273 /* NotificationsViewController.swift */; };
/* End PBXBuildFile section */

/* Begin PBXContainerItemProxy section */
		005429571B1E4D1600EA737C /* PBXContainerItemProxy */ = {
			isa = PBXContainerItemProxy;
			containerPortal = 005429391B1E4D1600EA737C /* Project object */;
			proxyType = 1;
			remoteGlobalIDString = 005429401B1E4D1600EA737C;
			remoteInfo = CourseBuddy;
		};
/* End PBXContainerItemProxy section */

/* Begin PBXFileReference section */
		005429411B1E4D1600EA737C /* CourseBuddy.app */ = {isa = PBXFileReference; explicitFileType = wrapper.application; includeInIndex = 0; path = CourseBuddy.app; sourceTree = BUILT_PRODUCTS_DIR; };
		005429451B1E4D1600EA737C /* Info.plist */ = {isa = PBXFileReference; lastKnownFileType = text.plist.xml; path = Info.plist; sourceTree = "<group>"; };
		005429461B1E4D1600EA737C /* AppDelegate.swift */ = {isa = PBXFileReference; lastKnownFileType = sourcecode.swift; path = AppDelegate.swift; sourceTree = "<group>"; };
		005429481B1E4D1600EA737C /* ViewController.swift */ = {isa = PBXFileReference; lastKnownFileType = sourcecode.swift; path = ViewController.swift; sourceTree = "<group>"; };
		0054294B1B1E4D1600EA737C /* Base */ = {isa = PBXFileReference; lastKnownFileType = file.storyboard; name = Base; path = Base.lproj/Main.storyboard; sourceTree = "<group>"; };
		0054294D1B1E4D1600EA737C /* Images.xcassets */ = {isa = PBXFileReference; lastKnownFileType = folder.assetcatalog; path = Images.xcassets; sourceTree = "<group>"; };
		005429501B1E4D1600EA737C /* Base */ = {isa = PBXFileReference; lastKnownFileType = file.xib; name = Base; path = Base.lproj/LaunchScreen.xib; sourceTree = "<group>"; };
		005429561B1E4D1600EA737C /* CourseBuddyTests.xctest */ = {isa = PBXFileReference; explicitFileType = wrapper.cfbundle; includeInIndex = 0; path = CourseBuddyTests.xctest; sourceTree = BUILT_PRODUCTS_DIR; };
		0054295B1B1E4D1600EA737C /* Info.plist */ = {isa = PBXFileReference; lastKnownFileType = text.plist.xml; path = Info.plist; sourceTree = "<group>"; };
		0054295C1B1E4D1600EA737C /* CourseBuddyTests.swift */ = {isa = PBXFileReference; lastKnownFileType = sourcecode.swift; path = CourseBuddyTests.swift; sourceTree = "<group>"; };
		0054296E1B1E784300EA737C /* ScheduleViewController.swift */ = {isa = PBXFileReference; fileEncoding = 4; lastKnownFileType = sourcecode.swift; path = ScheduleViewController.swift; sourceTree = "<group>"; };
		005C58A41B1F4D5900EC06CD /* Accounts.framework */ = {isa = PBXFileReference; lastKnownFileType = wrapper.framework; name = Accounts.framework; path = System/Library/Frameworks/Accounts.framework; sourceTree = SDKROOT; };
		005C58A51B1F4D5900EC06CD /* AudioToolbox.framework */ = {isa = PBXFileReference; lastKnownFileType = wrapper.framework; name = AudioToolbox.framework; path = System/Library/Frameworks/AudioToolbox.framework; sourceTree = SDKROOT; };
		005C58A61B1F4D5900EC06CD /* CFNetwork.framework */ = {isa = PBXFileReference; lastKnownFileType = wrapper.framework; name = CFNetwork.framework; path = System/Library/Frameworks/CFNetwork.framework; sourceTree = SDKROOT; };
		005C58A71B1F4D5900EC06CD /* CoreGraphics.framework */ = {isa = PBXFileReference; lastKnownFileType = wrapper.framework; name = CoreGraphics.framework; path = System/Library/Frameworks/CoreGraphics.framework; sourceTree = SDKROOT; };
		005C58A81B1F4D5900EC06CD /* CoreLocation.framework */ = {isa = PBXFileReference; lastKnownFileType = wrapper.framework; name = CoreLocation.framework; path = System/Library/Frameworks/CoreLocation.framework; sourceTree = SDKROOT; };
		005C58A91B1F4D5900EC06CD /* libsqlite3.dylib */ = {isa = PBXFileReference; lastKnownFileType = "compiled.mach-o.dylib"; name = libsqlite3.dylib; path = usr/lib/libsqlite3.dylib; sourceTree = SDKROOT; };
		005C58AA1B1F4D5900EC06CD /* libz.dylib */ = {isa = PBXFileReference; lastKnownFileType = "compiled.mach-o.dylib"; name = libz.dylib; path = usr/lib/libz.dylib; sourceTree = SDKROOT; };
		005C58AB1B1F4D5900EC06CD /* MobileCoreServices.framework */ = {isa = PBXFileReference; lastKnownFileType = wrapper.framework; name = MobileCoreServices.framework; path = System/Library/Frameworks/MobileCoreServices.framework; sourceTree = SDKROOT; };
		005C58AC1B1F4D5900EC06CD /* QuartzCore.framework */ = {isa = PBXFileReference; lastKnownFileType = wrapper.framework; name = QuartzCore.framework; path = System/Library/Frameworks/QuartzCore.framework; sourceTree = SDKROOT; };
		005C58AD1B1F4D5900EC06CD /* Security.framework */ = {isa = PBXFileReference; lastKnownFileType = wrapper.framework; name = Security.framework; path = System/Library/Frameworks/Security.framework; sourceTree = SDKROOT; };
		005C58AE1B1F4D5900EC06CD /* Social.framework */ = {isa = PBXFileReference; lastKnownFileType = wrapper.framework; name = Social.framework; path = System/Library/Frameworks/Social.framework; sourceTree = SDKROOT; };
		005C58AF1B1F4D5900EC06CD /* StoreKit.framework */ = {isa = PBXFileReference; lastKnownFileType = wrapper.framework; name = StoreKit.framework; path = System/Library/Frameworks/StoreKit.framework; sourceTree = SDKROOT; };
		005C58B01B1F4D5900EC06CD /* SystemConfiguration.framework */ = {isa = PBXFileReference; lastKnownFileType = wrapper.framework; name = SystemConfiguration.framework; path = System/Library/Frameworks/SystemConfiguration.framework; sourceTree = SDKROOT; };
		005C58BE1B1F4D9F00EC06CD /* Bolts.framework */ = {isa = PBXFileReference; lastKnownFileType = wrapper.framework; name = Bolts.framework; path = "../../../Downloads/parse-library-1/Bolts.framework"; sourceTree = "<group>"; };
		005C58BF1B1F4D9F00EC06CD /* Parse.framework */ = {isa = PBXFileReference; lastKnownFileType = wrapper.framework; name = Parse.framework; path = "../../../Downloads/parse-library-1/Parse.framework"; sourceTree = "<group>"; };
		005C58C01B1F4D9F00EC06CD /* ParseCrashReporting.framework */ = {isa = PBXFileReference; lastKnownFileType = wrapper.framework; name = ParseCrashReporting.framework; path = "../../../Downloads/parse-library-1/ParseCrashReporting.framework"; sourceTree = "<group>"; };
		005C58C21B1F4D9F00EC06CD /* ParseFacebookUtilsV4.framework */ = {isa = PBXFileReference; lastKnownFileType = wrapper.framework; name = ParseFacebookUtilsV4.framework; path = "../../../Downloads/parse-library-1/ParseFacebookUtilsV4.framework"; sourceTree = "<group>"; };
		005C58C31B1F4D9F00EC06CD /* ParseUI.framework */ = {isa = PBXFileReference; lastKnownFileType = wrapper.framework; name = ParseUI.framework; path = "../../../Downloads/parse-library-1/ParseUI.framework"; sourceTree = "<group>"; };
		005C58CA1B1F4EA700EC06CD /* CourseBuddy-Bridging-Header.h */ = {isa = PBXFileReference; lastKnownFileType = sourcecode.c.h; path = "CourseBuddy-Bridging-Header.h"; sourceTree = "<group>"; };
		005C58CB1B1F4EA800EC06CD /* temp.m */ = {isa = PBXFileReference; fileEncoding = 4; lastKnownFileType = sourcecode.c.objc; path = temp.m; sourceTree = "<group>"; };
		005C58CD1B1F527200EC06CD /* FBSDKCoreKit.framework */ = {isa = PBXFileReference; lastKnownFileType = wrapper.framework; name = FBSDKCoreKit.framework; path = ../../FacebookSDK/FBSDKCoreKit.framework; sourceTree = "<group>"; };
		005C58CF1B1F54AB00EC06CD /* FBSDKLoginKit.framework */ = {isa = PBXFileReference; lastKnownFileType = wrapper.framework; name = FBSDKLoginKit.framework; path = ../../FacebookSDK/FBSDKLoginKit.framework; sourceTree = "<group>"; };
		005C58D01B1F54AB00EC06CD /* FBSDKShareKit.framework */ = {isa = PBXFileReference; lastKnownFileType = wrapper.framework; name = FBSDKShareKit.framework; path = ../../FacebookSDK/FBSDKShareKit.framework; sourceTree = "<group>"; };
		005C58D51B1F830800EC06CD /* DropboxSDK.framework */ = {isa = PBXFileReference; lastKnownFileType = wrapper.framework; name = DropboxSDK.framework; path = "../../../Downloads/dropbox-ios-sdk-1.3-2.13/DropboxSDK.framework"; sourceTree = "<group>"; };
		005C58D71B1F8F0700EC06CD /* Helper.swift */ = {isa = PBXFileReference; fileEncoding = 4; lastKnownFileType = sourcecode.swift; path = Helper.swift; sourceTree = "<group>"; };
		005C58DA1B1F921F00EC06CD /* FileViewController.swift */ = {isa = PBXFileReference; fileEncoding = 4; lastKnownFileType = sourcecode.swift; path = FileViewController.swift; sourceTree = "<group>"; };
		005C58DC1B1FC58900EC06CD /* WebViewController.swift */ = {isa = PBXFileReference; fileEncoding = 4; lastKnownFileType = sourcecode.swift; path = WebViewController.swift; sourceTree = "<group>"; };
		00C8A4441B1E7C6B00D6F273 /* ProfileViewController.swift */ = {isa = PBXFileReference; fileEncoding = 4; lastKnownFileType = sourcecode.swift; path = ProfileViewController.swift; sourceTree = "<group>"; };
		00C8A4471B1E9E8800D6F273 /* DocumentsViewController.swift */ = {isa = PBXFileReference; fileEncoding = 4; lastKnownFileType = sourcecode.swift; path = DocumentsViewController.swift; sourceTree = "<group>"; };
		00C8A4491B1E9EAA00D6F273 /* ResourcesViewController.swift */ = {isa = PBXFileReference; fileEncoding = 4; lastKnownFileType = sourcecode.swift; path = ResourcesViewController.swift; sourceTree = "<group>"; };
		00C8A44B1B1E9EC800D6F273 /* NotesViewController.swift */ = {isa = PBXFileReference; fileEncoding = 4; lastKnownFileType = sourcecode.swift; path = NotesViewController.swift; sourceTree = "<group>"; };
		00C8A44D1B1E9EFC00D6F273 /* ImagesViewController.swift */ = {isa = PBXFileReference; fileEncoding = 4; lastKnownFileType = sourcecode.swift; path = ImagesViewController.swift; sourceTree = "<group>"; };
		00C8A44F1B1E9F1E00D6F273 /* RosterViewController.swift */ = {isa = PBXFileReference; fileEncoding = 4; lastKnownFileType = sourcecode.swift; path = RosterViewController.swift; sourceTree = "<group>"; };
		00C8A4511B1E9F3500D6F273 /* NotificationsViewController.swift */ = {isa = PBXFileReference; fileEncoding = 4; lastKnownFileType = sourcecode.swift; path = NotificationsViewController.swift; sourceTree = "<group>"; };
/* End PBXFileReference section */

/* Begin PBXFrameworksBuildPhase section */
		0054293E1B1E4D1600EA737C /* Frameworks */ = {
			isa = PBXFrameworksBuildPhase;
			buildActionMask = 2147483647;
			files = (
				005C58B11B1F4D5900EC06CD /* Accounts.framework in Frameworks */,
				005C58B21B1F4D5900EC06CD /* AudioToolbox.framework in Frameworks */,
				005C58D61B1F830800EC06CD /* DropboxSDK.framework in Frameworks */,
				005C58B31B1F4D5900EC06CD /* CFNetwork.framework in Frameworks */,
				005C58B41B1F4D5900EC06CD /* CoreGraphics.framework in Frameworks */,
				005C58C51B1F4D9F00EC06CD /* Parse.framework in Frameworks */,
				005C58CE1B1F527200EC06CD /* FBSDKCoreKit.framework in Frameworks */,
				005C58D21B1F54AB00EC06CD /* FBSDKShareKit.framework in Frameworks */,
				005C58B51B1F4D5900EC06CD /* CoreLocation.framework in Frameworks */,
				005C58B61B1F4D5900EC06CD /* libsqlite3.dylib in Frameworks */,
				005C58B71B1F4D5900EC06CD /* libz.dylib in Frameworks */,
				005C58B81B1F4D5900EC06CD /* MobileCoreServices.framework in Frameworks */,
				005C58D11B1F54AB00EC06CD /* FBSDKLoginKit.framework in Frameworks */,
				005C58C91B1F4D9F00EC06CD /* ParseUI.framework in Frameworks */,
				005C58B91B1F4D5900EC06CD /* QuartzCore.framework in Frameworks */,
				005C58BA1B1F4D5900EC06CD /* Security.framework in Frameworks */,
				005C58BB1B1F4D5900EC06CD /* Social.framework in Frameworks */,
				005C58BC1B1F4D5900EC06CD /* StoreKit.framework in Frameworks */,
				005C58C81B1F4D9F00EC06CD /* ParseFacebookUtilsV4.framework in Frameworks */,
				005C58BD1B1F4D5900EC06CD /* SystemConfiguration.framework in Frameworks */,
				005C58C41B1F4D9F00EC06CD /* Bolts.framework in Frameworks */,
				005C58C61B1F4D9F00EC06CD /* ParseCrashReporting.framework in Frameworks */,
			);
			runOnlyForDeploymentPostprocessing = 0;
		};
		005429531B1E4D1600EA737C /* Frameworks */ = {
			isa = PBXFrameworksBuildPhase;
			buildActionMask = 2147483647;
			files = (
			);
			runOnlyForDeploymentPostprocessing = 0;
		};
/* End PBXFrameworksBuildPhase section */

/* Begin PBXGroup section */
		005429381B1E4D1600EA737C = {
			isa = PBXGroup;
			children = (
				005429431B1E4D1600EA737C /* CourseBuddy */,
				005429591B1E4D1600EA737C /* CourseBuddyTests */,
				005429421B1E4D1600EA737C /* Products */,
				005C58A31B1F4CD100EC06CD /* Frameworks */,
			);
			sourceTree = "<group>";
		};
		005429421B1E4D1600EA737C /* Products */ = {
			isa = PBXGroup;
			children = (
				005429411B1E4D1600EA737C /* CourseBuddy.app */,
				005429561B1E4D1600EA737C /* CourseBuddyTests.xctest */,
			);
			name = Products;
			sourceTree = "<group>";
		};
		005429431B1E4D1600EA737C /* CourseBuddy */ = {
			isa = PBXGroup;
			children = (
				0054294A1B1E4D1600EA737C /* Main.storyboard */,
				005429461B1E4D1600EA737C /* AppDelegate.swift */,
				005429481B1E4D1600EA737C /* ViewController.swift */,
				0054296E1B1E784300EA737C /* ScheduleViewController.swift */,
				00C8A4441B1E7C6B00D6F273 /* ProfileViewController.swift */,
				00C8A4461B1E95F800D6F273 /* Menu Features */,
				005C58D91B1F920200EC06CD /* ModalViewControllers */,
				0054294D1B1E4D1600EA737C /* Images.xcassets */,
				0054294F1B1E4D1600EA737C /* LaunchScreen.xib */,
				005429441B1E4D1600EA737C /* Supporting Files */,
				005C58CB1B1F4EA800EC06CD /* temp.m */,
				005C58CA1B1F4EA700EC06CD /* CourseBuddy-Bridging-Header.h */,
			);
			path = CourseBuddy;
			sourceTree = "<group>";
		};
		005429441B1E4D1600EA737C /* Supporting Files */ = {
			isa = PBXGroup;
			children = (
				005429451B1E4D1600EA737C /* Info.plist */,
				005C58D71B1F8F0700EC06CD /* Helper.swift */,
			);
			name = "Supporting Files";
			sourceTree = "<group>";
		};
		005429591B1E4D1600EA737C /* CourseBuddyTests */ = {
			isa = PBXGroup;
			children = (
				0054295C1B1E4D1600EA737C /* CourseBuddyTests.swift */,
				0054295A1B1E4D1600EA737C /* Supporting Files */,
			);
			path = CourseBuddyTests;
			sourceTree = "<group>";
		};
		0054295A1B1E4D1600EA737C /* Supporting Files */ = {
			isa = PBXGroup;
			children = (
				0054295B1B1E4D1600EA737C /* Info.plist */,
			);
			name = "Supporting Files";
			sourceTree = "<group>";
		};
		005C58A31B1F4CD100EC06CD /* Frameworks */ = {
			isa = PBXGroup;
			children = (
				005C58D51B1F830800EC06CD /* DropboxSDK.framework */,
				005C58CF1B1F54AB00EC06CD /* FBSDKLoginKit.framework */,
				005C58D01B1F54AB00EC06CD /* FBSDKShareKit.framework */,
				005C58CD1B1F527200EC06CD /* FBSDKCoreKit.framework */,
				005C58BE1B1F4D9F00EC06CD /* Bolts.framework */,
				005C58BF1B1F4D9F00EC06CD /* Parse.framework */,
				005C58C01B1F4D9F00EC06CD /* ParseCrashReporting.framework */,
				005C58C21B1F4D9F00EC06CD /* ParseFacebookUtilsV4.framework */,
				005C58C31B1F4D9F00EC06CD /* ParseUI.framework */,
				005C58A41B1F4D5900EC06CD /* Accounts.framework */,
				005C58A51B1F4D5900EC06CD /* AudioToolbox.framework */,
				005C58A61B1F4D5900EC06CD /* CFNetwork.framework */,
				005C58A71B1F4D5900EC06CD /* CoreGraphics.framework */,
				005C58A81B1F4D5900EC06CD /* CoreLocation.framework */,
				005C58A91B1F4D5900EC06CD /* libsqlite3.dylib */,
				005C58AA1B1F4D5900EC06CD /* libz.dylib */,
				005C58AB1B1F4D5900EC06CD /* MobileCoreServices.framework */,
				005C58AC1B1F4D5900EC06CD /* QuartzCore.framework */,
				005C58AD1B1F4D5900EC06CD /* Security.framework */,
				005C58AE1B1F4D5900EC06CD /* Social.framework */,
				005C58AF1B1F4D5900EC06CD /* StoreKit.framework */,
				005C58B01B1F4D5900EC06CD /* SystemConfiguration.framework */,
			);
			name = Frameworks;
			sourceTree = "<group>";
		};
		005C58D91B1F920200EC06CD /* ModalViewControllers */ = {
			isa = PBXGroup;
			children = (
				005C58DA1B1F921F00EC06CD /* FileViewController.swift */,
				005C58DC1B1FC58900EC06CD /* WebViewController.swift */,
			);
			name = ModalViewControllers;
			sourceTree = "<group>";
		};
		00C8A4461B1E95F800D6F273 /* Menu Features */ = {
			isa = PBXGroup;
			children = (
				00C8A4471B1E9E8800D6F273 /* DocumentsViewController.swift */,
				00C8A4491B1E9EAA00D6F273 /* ResourcesViewController.swift */,
				00C8A44B1B1E9EC800D6F273 /* NotesViewController.swift */,
				00C8A44D1B1E9EFC00D6F273 /* ImagesViewController.swift */,
				00C8A44F1B1E9F1E00D6F273 /* RosterViewController.swift */,
				00C8A4511B1E9F3500D6F273 /* NotificationsViewController.swift */,
			);
			name = "Menu Features";
			sourceTree = "<group>";
		};
/* End PBXGroup section */

/* Begin PBXNativeTarget section */
		005429401B1E4D1600EA737C /* CourseBuddy */ = {
			isa = PBXNativeTarget;
			buildConfigurationList = 005429601B1E4D1600EA737C /* Build configuration list for PBXNativeTarget "CourseBuddy" */;
			buildPhases = (
				0054293D1B1E4D1600EA737C /* Sources */,
				0054293E1B1E4D1600EA737C /* Frameworks */,
				0054293F1B1E4D1600EA737C /* Resources */,
			);
			buildRules = (
			);
			dependencies = (
			);
			name = CourseBuddy;
			productName = CourseBuddy;
			productReference = 005429411B1E4D1600EA737C /* CourseBuddy.app */;
			productType = "com.apple.product-type.application";
		};
		005429551B1E4D1600EA737C /* CourseBuddyTests */ = {
			isa = PBXNativeTarget;
			buildConfigurationList = 005429631B1E4D1600EA737C /* Build configuration list for PBXNativeTarget "CourseBuddyTests" */;
			buildPhases = (
				005429521B1E4D1600EA737C /* Sources */,
				005429531B1E4D1600EA737C /* Frameworks */,
				005429541B1E4D1600EA737C /* Resources */,
			);
			buildRules = (
			);
			dependencies = (
				005429581B1E4D1600EA737C /* PBXTargetDependency */,
			);
			name = CourseBuddyTests;
			productName = CourseBuddyTests;
			productReference = 005429561B1E4D1600EA737C /* CourseBuddyTests.xctest */;
			productType = "com.apple.product-type.bundle.unit-test";
		};
/* End PBXNativeTarget section */

/* Begin PBXProject section */
		005429391B1E4D1600EA737C /* Project object */ = {
			isa = PBXProject;
			attributes = {
				LastUpgradeCheck = 0630;
				ORGANIZATIONNAME = coursebuddy;
				TargetAttributes = {
					005429401B1E4D1600EA737C = {
						CreatedOnToolsVersion = 6.3.2;
					};
					005429551B1E4D1600EA737C = {
						CreatedOnToolsVersion = 6.3.2;
						TestTargetID = 005429401B1E4D1600EA737C;
					};
				};
			};
			buildConfigurationList = 0054293C1B1E4D1600EA737C /* Build configuration list for PBXProject "CourseBuddy" */;
			compatibilityVersion = "Xcode 3.2";
			developmentRegion = English;
			hasScannedForEncodings = 0;
			knownRegions = (
				en,
				Base,
			);
			mainGroup = 005429381B1E4D1600EA737C;
			productRefGroup = 005429421B1E4D1600EA737C /* Products */;
			projectDirPath = "";
			projectRoot = "";
			targets = (
				005429401B1E4D1600EA737C /* CourseBuddy */,
				005429551B1E4D1600EA737C /* CourseBuddyTests */,
			);
		};
/* End PBXProject section */

/* Begin PBXResourcesBuildPhase section */
		0054293F1B1E4D1600EA737C /* Resources */ = {
			isa = PBXResourcesBuildPhase;
			buildActionMask = 2147483647;
			files = (
				0054294C1B1E4D1600EA737C /* Main.storyboard in Resources */,
				005429511B1E4D1600EA737C /* LaunchScreen.xib in Resources */,
				0054294E1B1E4D1600EA737C /* Images.xcassets in Resources */,
			);
			runOnlyForDeploymentPostprocessing = 0;
		};
		005429541B1E4D1600EA737C /* Resources */ = {
			isa = PBXResourcesBuildPhase;
			buildActionMask = 2147483647;
			files = (
			);
			runOnlyForDeploymentPostprocessing = 0;
		};
/* End PBXResourcesBuildPhase section */

/* Begin PBXSourcesBuildPhase section */
		0054293D1B1E4D1600EA737C /* Sources */ = {
			isa = PBXSourcesBuildPhase;
			buildActionMask = 2147483647;
			files = (
				00C8A44E1B1E9EFC00D6F273 /* ImagesViewController.swift in Sources */,
				00C8A4451B1E7C6B00D6F273 /* ProfileViewController.swift in Sources */,
				005429491B1E4D1600EA737C /* ViewController.swift in Sources */,
				00C8A44A1B1E9EAA00D6F273 /* ResourcesViewController.swift in Sources */,
				00C8A4501B1E9F1E00D6F273 /* RosterViewController.swift in Sources */,
				00C8A44C1B1E9EC800D6F273 /* NotesViewController.swift in Sources */,
				005C58DB1B1F921F00EC06CD /* FileViewController.swift in Sources */,
				00C8A4481B1E9E8800D6F273 /* DocumentsViewController.swift in Sources */,
				00C8A4521B1E9F3500D6F273 /* NotificationsViewController.swift in Sources */,
				005429471B1E4D1600EA737C /* AppDelegate.swift in Sources */,
				0054296F1B1E784300EA737C /* ScheduleViewController.swift in Sources */,
				005C58DD1B1FC58900EC06CD /* WebViewController.swift in Sources */,
				005C58CC1B1F4EA800EC06CD /* temp.m in Sources */,
				005C58D81B1F8F0700EC06CD /* Helper.swift in Sources */,
			);
			runOnlyForDeploymentPostprocessing = 0;
		};
		005429521B1E4D1600EA737C /* Sources */ = {
			isa = PBXSourcesBuildPhase;
			buildActionMask = 2147483647;
			files = (
				0054295D1B1E4D1600EA737C /* CourseBuddyTests.swift in Sources */,
			);
			runOnlyForDeploymentPostprocessing = 0;
		};
/* End PBXSourcesBuildPhase section */

/* Begin PBXTargetDependency section */
		005429581B1E4D1600EA737C /* PBXTargetDependency */ = {
			isa = PBXTargetDependency;
			target = 005429401B1E4D1600EA737C /* CourseBuddy */;
			targetProxy = 005429571B1E4D1600EA737C /* PBXContainerItemProxy */;
		};
/* End PBXTargetDependency section */

/* Begin PBXVariantGroup section */
		0054294A1B1E4D1600EA737C /* Main.storyboard */ = {
			isa = PBXVariantGroup;
			children = (
				0054294B1B1E4D1600EA737C /* Base */,
			);
			name = Main.storyboard;
			sourceTree = "<group>";
		};
		0054294F1B1E4D1600EA737C /* LaunchScreen.xib */ = {
			isa = PBXVariantGroup;
			children = (
				005429501B1E4D1600EA737C /* Base */,
			);
			name = LaunchScreen.xib;
			sourceTree = "<group>";
		};
/* End PBXVariantGroup section */

/* Begin XCBuildConfiguration section */
		0054295E1B1E4D1600EA737C /* Debug */ = {
			isa = XCBuildConfiguration;
			buildSettings = {
				ALWAYS_SEARCH_USER_PATHS = NO;
				CLANG_CXX_LANGUAGE_STANDARD = "gnu++0x";
				CLANG_CXX_LIBRARY = "libc++";
				CLANG_ENABLE_MODULES = YES;
				CLANG_ENABLE_OBJC_ARC = YES;
				CLANG_WARN_BOOL_CONVERSION = YES;
				CLANG_WARN_CONSTANT_CONVERSION = YES;
				CLANG_WARN_DIRECT_OBJC_ISA_USAGE = YES_ERROR;
				CLANG_WARN_EMPTY_BODY = YES;
				CLANG_WARN_ENUM_CONVERSION = YES;
				CLANG_WARN_INT_CONVERSION = YES;
				CLANG_WARN_OBJC_ROOT_CLASS = YES_ERROR;
				CLANG_WARN_UNREACHABLE_CODE = YES;
				CLANG_WARN__DUPLICATE_METHOD_MATCH = YES;
				"CODE_SIGN_IDENTITY[sdk=iphoneos*]" = "iPhone Developer";
				COPY_PHASE_STRIP = NO;
				DEBUG_INFORMATION_FORMAT = "dwarf-with-dsym";
				ENABLE_STRICT_OBJC_MSGSEND = YES;
				GCC_C_LANGUAGE_STANDARD = gnu99;
				GCC_DYNAMIC_NO_PIC = NO;
				GCC_NO_COMMON_BLOCKS = YES;
				GCC_OPTIMIZATION_LEVEL = 0;
				GCC_PREPROCESSOR_DEFINITIONS = (
					"DEBUG=1",
					"$(inherited)",
				);
				GCC_SYMBOLS_PRIVATE_EXTERN = NO;
				GCC_WARN_64_TO_32_BIT_CONVERSION = YES;
				GCC_WARN_ABOUT_RETURN_TYPE = YES_ERROR;
				GCC_WARN_UNDECLARED_SELECTOR = YES;
				GCC_WARN_UNINITIALIZED_AUTOS = YES_AGGRESSIVE;
				GCC_WARN_UNUSED_FUNCTION = YES;
				GCC_WARN_UNUSED_VARIABLE = YES;
				IPHONEOS_DEPLOYMENT_TARGET = 8.3;
				MTL_ENABLE_DEBUG_INFO = YES;
				ONLY_ACTIVE_ARCH = YES;
				SDKROOT = iphoneos;
				SWIFT_OPTIMIZATION_LEVEL = "-Onone";
				TARGETED_DEVICE_FAMILY = "1,2";
			};
			name = Debug;
		};
		0054295F1B1E4D1600EA737C /* Release */ = {
			isa = XCBuildConfiguration;
			buildSettings = {
				ALWAYS_SEARCH_USER_PATHS = NO;
				CLANG_CXX_LANGUAGE_STANDARD = "gnu++0x";
				CLANG_CXX_LIBRARY = "libc++";
				CLANG_ENABLE_MODULES = YES;
				CLANG_ENABLE_OBJC_ARC = YES;
				CLANG_WARN_BOOL_CONVERSION = YES;
				CLANG_WARN_CONSTANT_CONVERSION = YES;
				CLANG_WARN_DIRECT_OBJC_ISA_USAGE = YES_ERROR;
				CLANG_WARN_EMPTY_BODY = YES;
				CLANG_WARN_ENUM_CONVERSION = YES;
				CLANG_WARN_INT_CONVERSION = YES;
				CLANG_WARN_OBJC_ROOT_CLASS = YES_ERROR;
				CLANG_WARN_UNREACHABLE_CODE = YES;
				CLANG_WARN__DUPLICATE_METHOD_MATCH = YES;
				"CODE_SIGN_IDENTITY[sdk=iphoneos*]" = "iPhone Developer";
				COPY_PHASE_STRIP = NO;
				DEBUG_INFORMATION_FORMAT = "dwarf-with-dsym";
				ENABLE_NS_ASSERTIONS = NO;
				ENABLE_STRICT_OBJC_MSGSEND = YES;
				GCC_C_LANGUAGE_STANDARD = gnu99;
				GCC_NO_COMMON_BLOCKS = YES;
				GCC_WARN_64_TO_32_BIT_CONVERSION = YES;
				GCC_WARN_ABOUT_RETURN_TYPE = YES_ERROR;
				GCC_WARN_UNDECLARED_SELECTOR = YES;
				GCC_WARN_UNINITIALIZED_AUTOS = YES_AGGRESSIVE;
				GCC_WARN_UNUSED_FUNCTION = YES;
				GCC_WARN_UNUSED_VARIABLE = YES;
				IPHONEOS_DEPLOYMENT_TARGET = 8.3;
				MTL_ENABLE_DEBUG_INFO = NO;
				SDKROOT = iphoneos;
				TARGETED_DEVICE_FAMILY = "1,2";
				VALIDATE_PRODUCT = YES;
			};
			name = Release;
		};
		005429611B1E4D1600EA737C /* Debug */ = {
			isa = XCBuildConfiguration;
			buildSettings = {
				ASSETCATALOG_COMPILER_APPICON_NAME = AppIcon;
				CLANG_ENABLE_MODULES = YES;
				FRAMEWORK_SEARCH_PATHS = (
					"$(inherited)",
					"/Users/aaronmonick/Downloads/parse-library-1",
					/Users/aaronmonick/Desktop/FacebookSDK,
					"/Users/aaronmonick/Downloads/dropbox-ios-sdk-1.3-2.13",
				);
				INFOPLIST_FILE = CourseBuddy/Info.plist;
				IPHONEOS_DEPLOYMENT_TARGET = 8.0;
				LD_RUNPATH_SEARCH_PATHS = "$(inherited) @executable_path/Frameworks";
				PRODUCT_NAME = "$(TARGET_NAME)";
				SWIFT_OBJC_BRIDGING_HEADER = "CourseBuddy/CourseBuddy-Bridging-Header.h";
				SWIFT_OPTIMIZATION_LEVEL = "-Onone";
			};
			name = Debug;
		};
		005429621B1E4D1600EA737C /* Release */ = {
			isa = XCBuildConfiguration;
			buildSettings = {
				ASSETCATALOG_COMPILER_APPICON_NAME = AppIcon;
				CLANG_ENABLE_MODULES = YES;
				FRAMEWORK_SEARCH_PATHS = (
					"$(inherited)",
					"/Users/aaronmonick/Downloads/parse-library-1",
					/Users/aaronmonick/Desktop/FacebookSDK,
					"/Users/aaronmonick/Downloads/dropbox-ios-sdk-1.3-2.13",
				);
				INFOPLIST_FILE = CourseBuddy/Info.plist;
				IPHONEOS_DEPLOYMENT_TARGET = 8.0;
				LD_RUNPATH_SEARCH_PATHS = "$(inherited) @executable_path/Frameworks";
				PRODUCT_NAME = "$(TARGET_NAME)";
				SWIFT_OBJC_BRIDGING_HEADER = "CourseBuddy/CourseBuddy-Bridging-Header.h";
			};
			name = Release;
		};
		005429641B1E4D1600EA737C /* Debug */ = {
			isa = XCBuildConfiguration;
			buildSettings = {
				BUNDLE_LOADER = "$(TEST_HOST)";
				FRAMEWORK_SEARCH_PATHS = (
					"$(SDKROOT)/Developer/Library/Frameworks",
					"$(inherited)",
				);
				GCC_PREPROCESSOR_DEFINITIONS = (
					"DEBUG=1",
					"$(inherited)",
				);
				INFOPLIST_FILE = CourseBuddyTests/Info.plist;
				LD_RUNPATH_SEARCH_PATHS = "$(inherited) @executable_path/Frameworks @loader_path/Frameworks";
				PRODUCT_NAME = "$(TARGET_NAME)";
				TEST_HOST = "$(BUILT_PRODUCTS_DIR)/CourseBuddy.app/CourseBuddy";
			};
			name = Debug;
		};
		005429651B1E4D1600EA737C /* Release */ = {
			isa = XCBuildConfiguration;
			buildSettings = {
				BUNDLE_LOADER = "$(TEST_HOST)";
				FRAMEWORK_SEARCH_PATHS = (
					"$(SDKROOT)/Developer/Library/Frameworks",
					"$(inherited)",
				);
				INFOPLIST_FILE = CourseBuddyTests/Info.plist;
				LD_RUNPATH_SEARCH_PATHS = "$(inherited) @executable_path/Frameworks @loader_path/Frameworks";
				PRODUCT_NAME = "$(TARGET_NAME)";
				TEST_HOST = "$(BUILT_PRODUCTS_DIR)/CourseBuddy.app/CourseBuddy";
			};
			name = Release;
		};
/* End XCBuildConfiguration section */

/* Begin XCConfigurationList section */
		0054293C1B1E4D1600EA737C /* Build configuration list for PBXProject "CourseBuddy" */ = {
			isa = XCConfigurationList;
			buildConfigurations = (
				0054295E1B1E4D1600EA737C /* Debug */,
				0054295F1B1E4D1600EA737C /* Release */,
			);
			defaultConfigurationIsVisible = 0;
			defaultConfigurationName = Release;
		};
		005429601B1E4D1600EA737C /* Build configuration list for PBXNativeTarget "CourseBuddy" */ = {
			isa = XCConfigurationList;
			buildConfigurations = (
				005429611B1E4D1600EA737C /* Debug */,
				005429621B1E4D1600EA737C /* Release */,
			);
			defaultConfigurationIsVisible = 0;
			defaultConfigurationName = Release;
		};
		005429631B1E4D1600EA737C /* Build configuration list for PBXNativeTarget "CourseBuddyTests" */ = {
			isa = XCConfigurationList;
			buildConfigurations = (
				005429641B1E4D1600EA737C /* Debug */,
				005429651B1E4D1600EA737C /* Release */,
			);
			defaultConfigurationIsVisible = 0;
			defaultConfigurationName = Release;
		};
/* End XCConfigurationList section */
	};
	rootObject = 005429391B1E4D1600EA737C /* Project object */;
}
